
Microsoft Visual Studio Solution File, Format Version 12.00
# Visual Studio Version 17
VisualStudioVersion = 17.5.33318.248
MinimumVisualStudioVersion = 10.0.40219.1
Project("{9A19103F-16F7-4668-BE54-9A1E7A4F7556}") = "GAME HEROES", "GAME HEROES.csproj", "{54C029E5-F68F-4570-81D8-64D0E6023FC2}"
EndProject
Project("{FAE04EC0-301F-11D3-BF4B-00C04F79EFBC}") = "Testing", "..\Testing\Testing.csproj", "{EB6069C1-332E-47E1-9D71-5A578CB40E46}"
	ProjectSection(ProjectDependencies) = postProject
		{54C029E5-F68F-4570-81D8-64D0E6023FC2} = {54C029E5-F68F-4570-81D8-64D0E6023FC2}
	EndProjectSection
EndProject
Global
	GlobalSection(SolutionConfigurationPlatforms) = preSolution
		Debug|Any CPU = Debug|Any CPU
		Release|Any CPU = Release|Any CPU
	EndGlobalSection
	GlobalSection(ProjectConfigurationPlatforms) = postSolution
		{54C029E5-F68F-4570-81D8-64D0E6023FC2}.Debug|Any CPU.ActiveCfg = Debug|Any CPU
		{54C029E5-F68F-4570-81D8-64D0E6023FC2}.Debug|Any CPU.Build.0 = Debug|Any CPU
		{54C029E5-F68F-4570-81D8-64D0E6023FC2}.Release|Any CPU.ActiveCfg = Release|Any CPU
		{54C029E5-F68F-4570-81D8-64D0E6023FC2}.Release|Any CPU.Build.0 = Release|Any CPU
		{EB6069C1-332E-47E1-9D71-5A578CB40E46}.Debug|Any CPU.ActiveCfg = Debug|Any CPU
		{EB6069C1-332E-47E1-9D71-5A578CB40E46}.Debug|Any CPU.Build.0 = Debug|Any CPU
		{EB6069C1-332E-47E1-9D71-5A578CB40E46}.Release|Any CPU.ActiveCfg = Release|Any CPU
		{EB6069C1-332E-47E1-9D71-5A578CB40E46}.Release|Any CPU.Build.0 = Release|Any CPU
	EndGlobalSection
	GlobalSection(SolutionProperties) = preSolution
		HideSolutionNode = FALSE
	EndGlobalSection
	GlobalSection(ExtensibilityGlobals) = postSolution
		SolutionGuid = {27C09CE0-A589-4FEC-9972-8A154F8C4DDF}
	EndGlobalSection
EndGlobal
